
Microsoft Visual Studio Solution File, Format Version 12.00
# Visual Studio 15
VisualStudioVersion = 15.0.27130.2036
MinimumVisualStudioVersion = 10.0.40219.1
Project("{FAE04EC0-301F-11D3-BF4B-00C04F79EFBC}") = "Bandori BP EP Calculator V1.0", "Bandori BP Calculator\Bandori BP EP Calculator V1.0.csproj", "{31DCB374-8D7A-442B-A4EA-05363E14B4F9}"
EndProject
Global
	GlobalSection(SolutionConfigurationPlatforms) = preSolution
		Debug|Any CPU = Debug|Any CPU
		Release|Any CPU = Release|Any CPU
	EndGlobalSection
	GlobalSection(ProjectConfigurationPlatforms) = postSolution
		{31DCB374-8D7A-442B-A4EA-05363E14B4F9}.Debug|Any CPU.ActiveCfg = Debug|Any CPU
		{31DCB374-8D7A-442B-A4EA-05363E14B4F9}.Debug|Any CPU.Build.0 = Debug|Any CPU
		{31DCB374-8D7A-442B-A4EA-05363E14B4F9}.Release|Any CPU.ActiveCfg = Release|Any CPU
		{31DCB374-8D7A-442B-A4EA-05363E14B4F9}.Release|Any CPU.Build.0 = Release|Any CPU
	EndGlobalSection
	GlobalSection(SolutionProperties) = preSolution
		HideSolutionNode = FALSE
	EndGlobalSection
	GlobalSection(ExtensibilityGlobals) = postSolution
		SolutionGuid = {EEFA0302-5BB2-40E9-9205-984E193C5B88}
	EndGlobalSection
EndGlobal
